
Microsoft Visual Studio Solution File, Format Version 12.00
# Visual Studio Version 16
VisualStudioVersion = 16.0.29411.108
MinimumVisualStudioVersion = 10.0.40219.1
Project("{FAE04EC0-301F-11D3-BF4B-00C04F79EFBC}") = "UserManager", "UserManager\UserManager.csproj", "{581D1DA9-19CF-4F3C-A511-6E19428626E6}"
EndProject
Global
	GlobalSection(SolutionConfigurationPlatforms) = preSolution
		Debug|Any CPU = Debug|Any CPU
		Release|Any CPU = Release|Any CPU
	EndGlobalSection
	GlobalSection(ProjectConfigurationPlatforms) = postSolution
		{581D1DA9-19CF-4F3C-A511-6E19428626E6}.Debug|Any CPU.ActiveCfg = Debug|Any CPU
		{581D1DA9-19CF-4F3C-A511-6E19428626E6}.Debug|Any CPU.Build.0 = Debug|Any CPU
		{581D1DA9-19CF-4F3C-A511-6E19428626E6}.Release|Any CPU.ActiveCfg = Release|Any CPU
		{581D1DA9-19CF-4F3C-A511-6E19428626E6}.Release|Any CPU.Build.0 = Release|Any CPU
	EndGlobalSection
	GlobalSection(SolutionProperties) = preSolution
		HideSolutionNode = FALSE
	EndGlobalSection
	GlobalSection(ExtensibilityGlobals) = postSolution
		SolutionGuid = {94A1D741-0A52-4757-B4E2-4F20FC254119}
	EndGlobalSection
EndGlobal
